
Microsoft Visual Studio Solution File, Format Version 12.00
# Visual Studio 15
VisualStudioVersion = 15.0.27004.2009
MinimumVisualStudioVersion = 10.0.40219.1
Project("{FAE04EC0-301F-11D3-BF4B-00C04F79EFBC}") = "SolicitudSalida", "PracticaCapas\SolicitudSalida.csproj", "{BDBFBC01-73E3-41A8-8DD7-077F208CFF6D}"
EndProject
Project("{FAE04EC0-301F-11D3-BF4B-00C04F79EFBC}") = "Negocios", "Negocios\Negocios.csproj", "{7581CBE0-1287-4788-A474-058F5CEE055F}"
EndProject
Project("{FAE04EC0-301F-11D3-BF4B-00C04F79EFBC}") = "Entidades", "Entidades\Entidades.csproj", "{27B79190-3BF4-430F-B6EF-5FD796B933CB}"
EndProject
Global
	GlobalSection(SolutionConfigurationPlatforms) = preSolution
		Debug|Any CPU = Debug|Any CPU
		Release|Any CPU = Release|Any CPU
	EndGlobalSection
	GlobalSection(ProjectConfigurationPlatforms) = postSolution
		{BDBFBC01-73E3-41A8-8DD7-077F208CFF6D}.Debug|Any CPU.ActiveCfg = Debug|Any CPU
		{BDBFBC01-73E3-41A8-8DD7-077F208CFF6D}.Debug|Any CPU.Build.0 = Debug|Any CPU
		{BDBFBC01-73E3-41A8-8DD7-077F208CFF6D}.Release|Any CPU.ActiveCfg = Release|Any CPU
		{BDBFBC01-73E3-41A8-8DD7-077F208CFF6D}.Release|Any CPU.Build.0 = Release|Any CPU
		{7581CBE0-1287-4788-A474-058F5CEE055F}.Debug|Any CPU.ActiveCfg = Debug|Any CPU
		{7581CBE0-1287-4788-A474-058F5CEE055F}.Debug|Any CPU.Build.0 = Debug|Any CPU
		{7581CBE0-1287-4788-A474-058F5CEE055F}.Release|Any CPU.ActiveCfg = Release|Any CPU
		{7581CBE0-1287-4788-A474-058F5CEE055F}.Release|Any CPU.Build.0 = Release|Any CPU
		{27B79190-3BF4-430F-B6EF-5FD796B933CB}.Debug|Any CPU.ActiveCfg = Debug|Any CPU
		{27B79190-3BF4-430F-B6EF-5FD796B933CB}.Debug|Any CPU.Build.0 = Debug|Any CPU
		{27B79190-3BF4-430F-B6EF-5FD796B933CB}.Release|Any CPU.ActiveCfg = Release|Any CPU
		{27B79190-3BF4-430F-B6EF-5FD796B933CB}.Release|Any CPU.Build.0 = Release|Any CPU
	EndGlobalSection
	GlobalSection(SolutionProperties) = preSolution
		HideSolutionNode = FALSE
	EndGlobalSection
	GlobalSection(ExtensibilityGlobals) = postSolution
		SolutionGuid = {8AA2DBBC-0BA0-44D6-B61F-46774CBBC610}
	EndGlobalSection
EndGlobal
